
Microsoft Visual Studio Solution File, Format Version 12.00
# Visual Studio Version 17
VisualStudioVersion = 17.4.33403.182
MinimumVisualStudioVersion = 10.0.40219.1
Project("{9A19103F-16F7-4668-BE54-9A1E7A4F7556}") = "Dream", "Dream\Dream.csproj", "{B2D382F3-77F2-4A52-B654-DCE946445F90}"
EndProject
Project("{9A19103F-16F7-4668-BE54-9A1E7A4F7556}") = "Data", "Data\Data.csproj", "{2EEF0234-3E8A-47C2-9E8A-21B1FEB6BF5E}"
EndProject
Project("{9A19103F-16F7-4668-BE54-9A1E7A4F7556}") = "Data.Models", "Data.Models\Data.Models.csproj", "{D90E2DD8-6CD5-4C01-A78D-61B5EF8EF186}"
EndProject
Project("{9A19103F-16F7-4668-BE54-9A1E7A4F7556}") = "DreamTests", "DreamTests\DreamTests.csproj", "{FF11DA8F-E6A6-4708-BE71-7072E952E1A2}"
EndProject
Project("{9A19103F-16F7-4668-BE54-9A1E7A4F7556}") = "Dream.WPF", "Dream.WPF\Dream.WPF.csproj", "{4236112F-E704-4939-82E0-749B66B5CF35}"
EndProject
Global
	GlobalSection(SolutionConfigurationPlatforms) = preSolution
		Debug|Any CPU = Debug|Any CPU
		Release|Any CPU = Release|Any CPU
	EndGlobalSection
	GlobalSection(ProjectConfigurationPlatforms) = postSolution
		{B2D382F3-77F2-4A52-B654-DCE946445F90}.Debug|Any CPU.ActiveCfg = Debug|Any CPU
		{B2D382F3-77F2-4A52-B654-DCE946445F90}.Debug|Any CPU.Build.0 = Debug|Any CPU
		{B2D382F3-77F2-4A52-B654-DCE946445F90}.Release|Any CPU.ActiveCfg = Release|Any CPU
		{B2D382F3-77F2-4A52-B654-DCE946445F90}.Release|Any CPU.Build.0 = Release|Any CPU
		{2EEF0234-3E8A-47C2-9E8A-21B1FEB6BF5E}.Debug|Any CPU.ActiveCfg = Debug|Any CPU
		{2EEF0234-3E8A-47C2-9E8A-21B1FEB6BF5E}.Debug|Any CPU.Build.0 = Debug|Any CPU
		{2EEF0234-3E8A-47C2-9E8A-21B1FEB6BF5E}.Release|Any CPU.ActiveCfg = Release|Any CPU
		{2EEF0234-3E8A-47C2-9E8A-21B1FEB6BF5E}.Release|Any CPU.Build.0 = Release|Any CPU
		{D90E2DD8-6CD5-4C01-A78D-61B5EF8EF186}.Debug|Any CPU.ActiveCfg = Debug|Any CPU
		{D90E2DD8-6CD5-4C01-A78D-61B5EF8EF186}.Debug|Any CPU.Build.0 = Debug|Any CPU
		{D90E2DD8-6CD5-4C01-A78D-61B5EF8EF186}.Release|Any CPU.ActiveCfg = Release|Any CPU
		{D90E2DD8-6CD5-4C01-A78D-61B5EF8EF186}.Release|Any CPU.Build.0 = Release|Any CPU
		{FF11DA8F-E6A6-4708-BE71-7072E952E1A2}.Debug|Any CPU.ActiveCfg = Debug|Any CPU
		{FF11DA8F-E6A6-4708-BE71-7072E952E1A2}.Debug|Any CPU.Build.0 = Debug|Any CPU
		{FF11DA8F-E6A6-4708-BE71-7072E952E1A2}.Release|Any CPU.ActiveCfg = Release|Any CPU
		{FF11DA8F-E6A6-4708-BE71-7072E952E1A2}.Release|Any CPU.Build.0 = Release|Any CPU
		{4236112F-E704-4939-82E0-749B66B5CF35}.Debug|Any CPU.ActiveCfg = Debug|Any CPU
		{4236112F-E704-4939-82E0-749B66B5CF35}.Debug|Any CPU.Build.0 = Debug|Any CPU
		{4236112F-E704-4939-82E0-749B66B5CF35}.Release|Any CPU.ActiveCfg = Release|Any CPU
		{4236112F-E704-4939-82E0-749B66B5CF35}.Release|Any CPU.Build.0 = Release|Any CPU
	EndGlobalSection
	GlobalSection(SolutionProperties) = preSolution
		HideSolutionNode = FALSE
	EndGlobalSection
	GlobalSection(ExtensibilityGlobals) = postSolution
		SolutionGuid = {6709BF55-7518-41A7-983B-BBEF4ED0EF63}
	EndGlobalSection
EndGlobal
